// !$*UTF8*$!
{
	archiveVersion = 1;
	classes = {
	};
	objectVersion = 50;
	objects = {

/* Begin PBXBuildFile section */
		6B4CB42624BF810D00A0FF87 /* AppDelegate.swift in Sources */ = {isa = PBXBuildFile; fileRef = 6B4CB42524BF810D00A0FF87 /* AppDelegate.swift */; };
		6B4CB42824BF810D00A0FF87 /* SceneDelegate.swift in Sources */ = {isa = PBXBuildFile; fileRef = 6B4CB42724BF810D00A0FF87 /* SceneDelegate.swift */; };
		6B4CB42A24BF810D00A0FF87 /* ViewController.swift in Sources */ = {isa = PBXBuildFile; fileRef = 6B4CB42924BF810D00A0FF87 /* ViewController.swift */; };
		6B4CB42D24BF810D00A0FF87 /* Main.storyboard in Resources */ = {isa = PBXBuildFile; fileRef = 6B4CB42B24BF810D00A0FF87 /* Main.storyboard */; };
		6B4CB42F24BF811F00A0FF87 /* Assets.xcassets in Resources */ = {isa = PBXBuildFile; fileRef = 6B4CB42E24BF811F00A0FF87 /* Assets.xcassets */; };
		6B4CB43224BF811F00A0FF87 /* LaunchScreen.storyboard in Resources */ = {isa = PBXBuildFile; fileRef = 6B4CB43024BF811F00A0FF87 /* LaunchScreen.storyboard */; };
/* End PBXBuildFile section */

/* Begin PBXFileReference section */
		6B4CB42224BF810D00A0FF87 /* SinglePageApp.app */ = {isa = PBXFileReference; explicitFileType = wrapper.application; includeInIndex = 0; path = SinglePageApp.app; sourceTree = BUILT_PRODUCTS_DIR; };
		6B4CB42524BF810D00A0FF87 /* AppDelegate.swift */ = {isa = PBXFileReference; lastKnownFileType = sourcecode.swift; path = AppDelegate.swift; sourceTree = "<group>"; };
		6B4CB42724BF810D00A0FF87 /* SceneDelegate.swift */ = {isa = PBXFileReference; lastKnownFileType = sourcecode.swift; path = SceneDelegate.swift; sourceTree = "<group>"; };
		6B4CB42924BF810D00A0FF87 /* ViewController.swift */ = {isa = PBXFileReference; lastKnownFileType = sourcecode.swift; path = ViewController.swift; sourceTree = "<group>"; };
		6B4CB42C24BF810D00A0FF87 /* Base */ = {isa = PBXFileReference; lastKnownFileType = file.storyboard; name = Base; path = Base.lproj/Main.storyboard; sourceTree = "<group>"; };
		6B4CB42E24BF811F00A0FF87 /* Assets.xcassets */ = {isa = PBXFileReference; lastKnownFileType = folder.assetcatalog; path = Assets.xcassets; sourceTree = "<group>"; };
		6B4CB43124BF811F00A0FF87 /* Base */ = {isa = PBXFileReference; lastKnownFileType = file.storyboard; name = Base; path = Base.lproj/LaunchScreen.storyboard; sourceTree = "<group>"; };
		6B4CB43324BF811F00A0FF87 /* Info.plist */ = {isa = PBXFileReference; lastKnownFileType = text.plist.xml; path = Info.plist; sourceTree = "<group>"; };
/* End PBXFileReference section */

/* Begin PBXFrameworksBuildPhase section */
		6B4CB41F24BF810D00A0FF87 /* Frameworks */ = {
			isa = PBXFrameworksBuildPhase;
			buildActionMask = 2147483647;
			files = (
			);
			runOnlyForDeploymentPostprocessing = 0;
		};
/* End PBXFrameworksBuildPhase section */

/* Begin PBXGroup section */
		6B4CB41924BF810D00A0FF87 = {
			isa = PBXGroup;
			children = (
				6B4CB42424BF810D00A0FF87 /* SinglePageApp */,
				6B4CB42324BF810D00A0FF87 /* Products */,
			);
			sourceTree = "<group>";
		};
		6B4CB42324BF810D00A0FF87 /* Products */ = {
			isa = PBXGroup;
			children = (
				6B4CB42224BF810D00A0FF87 /* SinglePageApp.app */,
			);
			name = Products;
			sourceTree = "<group>";
		};
		6B4CB42424BF810D00A0FF87 /* SinglePageApp */ = {
			isa = PBXGroup;
			children = (
				6B4CB42524BF810D00A0FF87 /* AppDelegate.swift */,
				6B4CB42724BF810D00A0FF87 /* SceneDelegate.swift */,
				6B4CB42924BF810D00A0FF87 /* ViewController.swift */,
				6B4CB42B24BF810D00A0FF87 /* Main.storyboard */,
				6B4CB42E24BF811F00A0FF87 /* Assets.xcassets */,
				6B4CB43024BF811F00A0FF87 /* LaunchScreen.storyboard */,
				6B4CB43324BF811F00A0FF87 /* Info.plist */,
			);
			path = SinglePageApp;
			sourceTree = "<group>";
		};
/* End PBXGroup section */

/* Begin PBXNativeTarget section */
		6B4CB42124BF810D00A0FF87 /* SinglePageApp */ = {
			isa = PBXNativeTarget;
			buildConfigurationList = 6B4CB43624BF811F00A0FF87 /* Build configuration list for PBXNativeTarget "SinglePageApp" */;
			buildPhases = (
				6B4CB41E24BF810D00A0FF87 /* Sources */,
				6B4CB41F24BF810D00A0FF87 /* Frameworks */,
				6B4CB42024BF810D00A0FF87 /* Resources */,
			);
			buildRules = (
			);
			dependencies = (
			);
			name = SinglePageApp;
			productName = SinglePageApp;
			productReference = 6B4CB42224BF810D00A0FF87 /* SinglePageApp.app */;
			productType = "com.apple.product-type.application";
		};
/* End PBXNativeTarget section */

/* Begin PBXProject section */
		6B4CB41A24BF810D00A0FF87 /* Project object */ = {
			isa = PBXProject;
			attributes = {
				LastSwiftUpdateCheck = 1100;
				LastUpgradeCheck = 1100;
				ORGANIZATIONNAME = "Tony Rizzo";
				TargetAttributes = {
					6B4CB42124BF810D00A0FF87 = {
						CreatedOnToolsVersion = 11.0;
					};
				};
			};
			buildConfigurationList = 6B4CB41D24BF810D00A0FF87 /* Build configuration list for PBXProject "SinglePageApp" */;
			compatibilityVersion = "Xcode 9.3";
			developmentRegion = en;
			hasScannedForEncodings = 0;
			knownRegions = (
				en,
				Base,
			);
			mainGroup = 6B4CB41924BF810D00A0FF87;
			productRefGroup = 6B4CB42324BF810D00A0FF87 /* Products */;
			projectDirPath = "";
			projectRoot = "";
			targets = (
				6B4CB42124BF810D00A0FF87 /* SinglePageApp */,
			);
		};
/* End PBXProject section */

/* Begin PBXResourcesBuildPhase section */
		6B4CB42024BF810D00A0FF87 /* Resources */ = {
			isa = PBXResourcesBuildPhase;
			buildActionMask = 2147483647;
			files = (
				6B4CB43224BF811F00A0FF87 /* LaunchScreen.storyboard in Resources */,
				6B4CB42F24BF811F00A0FF87 /* Assets.xcassets in Resources */,
				6B4CB42D24BF810D00A0FF87 /* Main.storyboard in Resources */,
			);
			runOnlyForDeploymentPostprocessing = 0;
		};
/* End PBXResourcesBuildPhase section */

/* Begin PBXSourcesBuildPhase section */
		6B4CB41E24BF810D00A0FF87 /* Sources */ = {
			isa = PBXSourcesBuildPhase;
			buildActionMask = 2147483647;
			files = (
				6B4CB42A24BF810D00A0FF87 /* ViewController.swift in Sources */,
				6B4CB42624BF810D00A0FF87 /* AppDelegate.swift in Sources */,
				6B4CB42824BF810D00A0FF87 /* SceneDelegate.swift in Sources */,
			);
			runOnlyForDeploymentPostprocessing = 0;
		};
/* End PBXSourcesBuildPhase section */

/* Begin PBXVariantGroup section */
		6B4CB42B24BF810D00A0FF87 /* Main.storyboard */ = {
			isa = PBXVariantGroup;
			children = (
				6B4CB42C24BF810D00A0FF87 /* Base */,
			);
			name = Main.storyboard;
			sourceTree = "<group>";
		};
		6B4CB43024BF811F00A0FF87 /* LaunchScreen.storyboard */ = {
			isa = PBXVariantGroup;
			children = (
				6B4CB43124BF811F00A0FF87 /* Base */,
			);
			name = LaunchScreen.storyboard;
			sourceTree = "<group>";
		};
/* End PBXVariantGroup section */

/* Begin XCBuildConfiguration section */
		6B4CB43424BF811F00A0FF87 /* Debug */ = {
			isa = XCBuildConfiguration;
			buildSettings = {
				ALWAYS_SEARCH_USER_PATHS = NO;
				CLANG_ANALYZER_NONNULL = YES;
				CLANG_ANALYZER_NUMBER_OBJECT_CONVERSION = YES_AGGRESSIVE;
				CLANG_CXX_LANGUAGE_STANDARD = "gnu++14";
				CLANG_CXX_LIBRARY = "libc++";
				CLANG_ENABLE_MODULES = YES;
				CLANG_ENABLE_OBJC_ARC = YES;
				CLANG_ENABLE_OBJC_WEAK = YES;
				CLANG_WARN_BLOCK_CAPTURE_AUTORELEASING = YES;
				CLANG_WARN_BOOL_CONVERSION = YES;
				CLANG_WARN_COMMA = YES;
				CLANG_WARN_CONSTANT_CONVERSION = YES;
				CLANG_WARN_DEPRECATED_OBJC_IMPLEMENTATIONS = YES;
				CLANG_WARN_DIRECT_OBJC_ISA_USAGE = YES_ERROR;
				CLANG_WARN_DOCUMENTATION_COMMENTS = YES;
				CLANG_WARN_EMPTY_BODY = YES;
				CLANG_WARN_ENUM_CONVERSION = YES;
				CLANG_WARN_INFINITE_RECURSION = YES;
				CLANG_WARN_INT_CONVERSION = YES;
				CLANG_WARN_NON_LITERAL_NULL_CONVERSION = YES;
				CLANG_WARN_OBJC_IMPLICIT_RETAIN_SELF = YES;
				CLANG_WARN_OBJC_LITERAL_CONVERSION = YES;
				CLANG_WARN_OBJC_ROOT_CLASS = YES_ERROR;
				CLANG_WARN_RANGE_LOOP_ANALYSIS = YES;
				CLANG_WARN_STRICT_PROTOTYPES = YES;
				CLANG_WARN_SUSPICIOUS_MOVE = YES;
				CLANG_WARN_UNGUARDED_AVAILABILITY = YES_AGGRESSIVE;
				CLANG_WARN_UNREACHABLE_CODE = YES;
				CLANG_WARN__DUPLICATE_METHOD_MATCH = YES;
				COPY_PHASE_STRIP = NO;
				DEBUG_INFORMATION_FORMAT = dwarf;
				ENABLE_STRICT_OBJC_MSGSEND = YES;
				ENABLE_TESTABILITY = YES;
				GCC_C_LANGUAGE_STANDARD = gnu11;
				GCC_DYNAMIC_NO_PIC = NO;
				GCC_NO_COMMON_BLOCKS = YES;
				GCC_OPTIMIZATION_LEVEL = 0;
				GCC_PREPROCESSOR_DEFINITIONS = (
					"DEBUG=1",
					"$(inherited)",
				);
				GCC_WARN_64_TO_32_BIT_CONVERSION = YES;
				GCC_WARN_ABOUT_RETURN_TYPE = YES_ERROR;
				GCC_WARN_UNDECLARED_SELECTOR = YES;
				GCC_WARN_UNINITIALIZED_AUTOS = YES_AGGRESSIVE;
				GCC_WARN_UNUSED_FUNCTION = YES;
				GCC_WARN_UNUSED_VARIABLE = YES;
				IPHONEOS_DEPLOYMENT_TARGET = 13.0;
				MTL_ENABLE_DEBUG_INFO = INCLUDE_SOURCE;
				MTL_FAST_MATH = YES;
				ONLY_ACTIVE_ARCH = YES;
				SDKROOT = iphoneos;
				SWIFT_ACTIVE_COMPILATION_CONDITIONS = DEBUG;
				SWIFT_OPTIMIZATION_LEVEL = "-Onone";
			};
			name = Debug;
		};
		6B4CB43524BF811F00A0FF87 /* Release */ = {
			isa = XCBuildConfiguration;
			buildSettings = {
				ALWAYS_SEARCH_USER_PATHS = NO;
				CLANG_ANALYZER_NONNULL = YES;
				CLANG_ANALYZER_NUMBER_OBJECT_CONVERSION = YES_AGGRESSIVE;
				CLANG_CXX_LANGUAGE_STANDARD = "gnu++14";
				CLANG_CXX_LIBRARY = "libc++";
				CLANG_ENABLE_MODULES = YES;
				CLANG_ENABLE_OBJC_ARC = YES;
				CLANG_ENABLE_OBJC_WEAK = YES;
				CLANG_WARN_BLOCK_CAPTURE_AUTORELEASING = YES;
				CLANG_WARN_BOOL_CONVERSION = YES;
				CLANG_WARN_COMMA = YES;
				CLANG_WARN_CONSTANT_CONVERSION = YES;
				CLANG_WARN_DEPRECATED_OBJC_IMPLEMENTATIONS = YES;
				CLANG_WARN_DIRECT_OBJC_ISA_USAGE = YES_ERROR;
				CLANG_WARN_DOCUMENTATION_COMMENTS = YES;
				CLANG_WARN_EMPTY_BODY = YES;
				CLANG_WARN_ENUM_CONVERSION = YES;
				CLANG_WARN_INFINITE_RECURSION = YES;
				CLANG_WARN_INT_CONVERSION = YES;
				CLANG_WARN_NON_LITERAL_NULL_CONVERSION = YES;
				CLANG_WARN_OBJC_IMPLICIT_RETAIN_SELF = YES;
				CLANG_WARN_OBJC_LITERAL_CONVERSION = YES;
				CLANG_WARN_OBJC_ROOT_CLASS = YES_ERROR;
				CLANG_WARN_RANGE_LOOP_ANALYSIS = YES;
				CLANG_WARN_STRICT_PROTOTYPES = YES;
				CLANG_WARN_SUSPICIOUS_MOVE = YES;
				CLANG_WARN_UNGUARDED_AVAILABILITY = YES_AGGRESSIVE;
				CLANG_WARN_UNREACHABLE_CODE = YES;
				CLANG_WARN__DUPLICATE_METHOD_MATCH = YES;
				COPY_PHASE_STRIP = NO;
				DEBUG_INFORMATION_FORMAT = "dwarf-with-dsym";
				ENABLE_NS_ASSERTIONS = NO;
				ENABLE_STRICT_OBJC_MSGSEND = YES;
				GCC_C_LANGUAGE_STANDARD = gnu11;
				GCC_NO_COMMON_BLOCKS = YES;
				GCC_WARN_64_TO_32_BIT_CONVERSION = YES;
				GCC_WARN_ABOUT_RETURN_TYPE = YES_ERROR;
				GCC_WARN_UNDECLARED_SELECTOR = YES;
				GCC_WARN_UNINITIALIZED_AUTOS = YES_AGGRESSIVE;
				GCC_WARN_UNUSED_FUNCTION = YES;
				GCC_WARN_UNUSED_VARIABLE = YES;
				IPHONEOS_DEPLOYMENT_TARGET = 13.0;
				MTL_ENABLE_DEBUG_INFO = NO;
				MTL_FAST_MATH = YES;
				SDKROOT = iphoneos;
				SWIFT_COMPILATION_MODE = wholemodule;
				SWIFT_OPTIMIZATION_LEVEL = "-O";
				VALIDATE_PRODUCT = YES;
			};
			name = Release;
		};
		6B4CB43724BF811F00A0FF87 /* Debug */ = {
			isa = XCBuildConfiguration;
			buildSettings = {
				ASSETCATALOG_COMPILER_APPICON_NAME = AppIcon;
				CODE_SIGN_STYLE = Automatic;
				INFOPLIST_FILE = SinglePageApp/Info.plist;
				LD_RUNPATH_SEARCH_PATHS = (
					"$(inherited)",
					"@executable_path/Frameworks",
				);
				PRODUCT_BUNDLE_IDENTIFIER = com.wipro.SinglePageApp;
				PRODUCT_NAME = "$(TARGET_NAME)";
				SWIFT_VERSION = 5.0;
				TARGETED_DEVICE_FAMILY = "1,2";
			};
			name = Debug;
		};
		6B4CB43824BF811F00A0FF87 /* Release */ = {
			isa = XCBuildConfiguration;
			buildSettings = {
				ASSETCATALOG_COMPILER_APPICON_NAME = AppIcon;
				CODE_SIGN_STYLE = Automatic;
				INFOPLIST_FILE = SinglePageApp/Info.plist;
				LD_RUNPATH_SEARCH_PATHS = (
					"$(inherited)",
					"@executable_path/Frameworks",
				);
				PRODUCT_BUNDLE_IDENTIFIER = com.wipro.SinglePageApp;
				PRODUCT_NAME = "$(TARGET_NAME)";
				SWIFT_VERSION = 5.0;
				TARGETED_DEVICE_FAMILY = "1,2";
			};
			name = Release;
		};
/* End XCBuildConfiguration section */

/* Begin XCConfigurationList section */
		6B4CB41D24BF810D00A0FF87 /* Build configuration list for PBXProject "SinglePageApp" */ = {
			isa = XCConfigurationList;
			buildConfigurations = (
				6B4CB43424BF811F00A0FF87 /* Debug */,
				6B4CB43524BF811F00A0FF87 /* Release */,
			);
			defaultConfigurationIsVisible = 0;
			defaultConfigurationName = Release;
		};
		6B4CB43624BF811F00A0FF87 /* Build configuration list for PBXNativeTarget "SinglePageApp" */ = {
			isa = XCConfigurationList;
			buildConfigurations = (
				6B4CB43724BF811F00A0FF87 /* Debug */,
				6B4CB43824BF811F00A0FF87 /* Release */,
			);
			defaultConfigurationIsVisible = 0;
			defaultConfigurationName = Release;
		};
/* End XCConfigurationList section */
	};
	rootObject = 6B4CB41A24BF810D00A0FF87 /* Project object */;
}
